// !$*UTF8*$!
{
	archiveVersion = 1;
	classes = {
	};
	objectVersion = 50;
	objects = {

/* Begin PBXBuildFile section */
		C2A2C2022301CA1B00BCF7AC /* DrawerViewController.swift in Sources */ = {isa = PBXBuildFile; fileRef = C2A2C2012301CA1B00BCF7AC /* DrawerViewController.swift */; };
		C2A2C2042301CB2F00BCF7AC /* UISpringTimingParameters + Extension.swift in Sources */ = {isa = PBXBuildFile; fileRef = C2A2C2032301CB2F00BCF7AC /* UISpringTimingParameters + Extension.swift */; };
		C2CEB1182301C99700251B29 /* AppDelegate.swift in Sources */ = {isa = PBXBuildFile; fileRef = C2CEB1172301C99700251B29 /* AppDelegate.swift */; };
		C2CEB11A2301C99700251B29 /* ViewController.swift in Sources */ = {isa = PBXBuildFile; fileRef = C2CEB1192301C99700251B29 /* ViewController.swift */; };
		C2CEB11D2301C99700251B29 /* Main.storyboard in Resources */ = {isa = PBXBuildFile; fileRef = C2CEB11B2301C99700251B29 /* Main.storyboard */; };
		C2CEB11F2301C99800251B29 /* Assets.xcassets in Resources */ = {isa = PBXBuildFile; fileRef = C2CEB11E2301C99800251B29 /* Assets.xcassets */; };
		C2CEB1222301C99800251B29 /* LaunchScreen.storyboard in Resources */ = {isa = PBXBuildFile; fileRef = C2CEB1202301C99800251B29 /* LaunchScreen.storyboard */; };
/* End PBXBuildFile section */

/* Begin PBXFileReference section */
		C2A2C2012301CA1B00BCF7AC /* DrawerViewController.swift */ = {isa = PBXFileReference; lastKnownFileType = sourcecode.swift; path = DrawerViewController.swift; sourceTree = "<group>"; };
		C2A2C2032301CB2F00BCF7AC /* UISpringTimingParameters + Extension.swift */ = {isa = PBXFileReference; lastKnownFileType = sourcecode.swift; path = "UISpringTimingParameters + Extension.swift"; sourceTree = "<group>"; };
		C2CEB1142301C99700251B29 /* SwiftDouBan.app */ = {isa = PBXFileReference; explicitFileType = wrapper.application; includeInIndex = 0; path = SwiftDouBan.app; sourceTree = BUILT_PRODUCTS_DIR; };
		C2CEB1172301C99700251B29 /* AppDelegate.swift */ = {isa = PBXFileReference; lastKnownFileType = sourcecode.swift; path = AppDelegate.swift; sourceTree = "<group>"; };
		C2CEB1192301C99700251B29 /* ViewController.swift */ = {isa = PBXFileReference; lastKnownFileType = sourcecode.swift; path = ViewController.swift; sourceTree = "<group>"; };
		C2CEB11C2301C99700251B29 /* Base */ = {isa = PBXFileReference; lastKnownFileType = file.storyboard; name = Base; path = Base.lproj/Main.storyboard; sourceTree = "<group>"; };
		C2CEB11E2301C99800251B29 /* Assets.xcassets */ = {isa = PBXFileReference; lastKnownFileType = folder.assetcatalog; path = Assets.xcassets; sourceTree = "<group>"; };
		C2CEB1212301C99800251B29 /* Base */ = {isa = PBXFileReference; lastKnownFileType = file.storyboard; name = Base; path = Base.lproj/LaunchScreen.storyboard; sourceTree = "<group>"; };
		C2CEB1232301C99800251B29 /* Info.plist */ = {isa = PBXFileReference; lastKnownFileType = text.plist.xml; path = Info.plist; sourceTree = "<group>"; };
/* End PBXFileReference section */

/* Begin PBXFrameworksBuildPhase section */
		C2CEB1112301C99700251B29 /* Frameworks */ = {
			isa = PBXFrameworksBuildPhase;
			buildActionMask = 2147483647;
			files = (
			);
			runOnlyForDeploymentPostprocessing = 0;
		};
/* End PBXFrameworksBuildPhase section */

/* Begin PBXGroup section */
		C2CEB10B2301C99700251B29 = {
			isa = PBXGroup;
			children = (
				C2CEB1162301C99700251B29 /* SwiftDouBan */,
				C2CEB1152301C99700251B29 /* Products */,
			);
			sourceTree = "<group>";
		};
		C2CEB1152301C99700251B29 /* Products */ = {
			isa = PBXGroup;
			children = (
				C2CEB1142301C99700251B29 /* SwiftDouBan.app */,
			);
			name = Products;
			sourceTree = "<group>";
		};
		C2CEB1162301C99700251B29 /* SwiftDouBan */ = {
			isa = PBXGroup;
			children = (
				C2CEB1172301C99700251B29 /* AppDelegate.swift */,
				C2A2C2012301CA1B00BCF7AC /* DrawerViewController.swift */,
				C2CEB1192301C99700251B29 /* ViewController.swift */,
				C2CEB11B2301C99700251B29 /* Main.storyboard */,
				C2CEB11E2301C99800251B29 /* Assets.xcassets */,
				C2CEB1202301C99800251B29 /* LaunchScreen.storyboard */,
				C2CEB1232301C99800251B29 /* Info.plist */,
				C2A2C2032301CB2F00BCF7AC /* UISpringTimingParameters + Extension.swift */,
			);
			path = SwiftDouBan;
			sourceTree = "<group>";
		};
/* End PBXGroup section */

/* Begin PBXNativeTarget section */
		C2CEB1132301C99700251B29 /* SwiftDouBan */ = {
			isa = PBXNativeTarget;
			buildConfigurationList = C2CEB1262301C99800251B29 /* Build configuration list for PBXNativeTarget "SwiftDouBan" */;
			buildPhases = (
				C2CEB1102301C99700251B29 /* Sources */,
				C2CEB1112301C99700251B29 /* Frameworks */,
				C2CEB1122301C99700251B29 /* Resources */,
			);
			buildRules = (
			);
			dependencies = (
			);
			name = SwiftDouBan;
			productName = SwiftDouBan;
			productReference = C2CEB1142301C99700251B29 /* SwiftDouBan.app */;
			productType = "com.apple.product-type.application";
		};
/* End PBXNativeTarget section */

/* Begin PBXProject section */
		C2CEB10C2301C99700251B29 /* Project object */ = {
			isa = PBXProject;
			attributes = {
				LastSwiftUpdateCheck = 1020;
				LastUpgradeCheck = 1020;
				ORGANIZATIONNAME = "王伟奇";
				TargetAttributes = {
					C2CEB1132301C99700251B29 = {
						CreatedOnToolsVersion = 10.2.1;
					};
				};
			};
			buildConfigurationList = C2CEB10F2301C99700251B29 /* Build configuration list for PBXProject "SwiftDouBan" */;
			compatibilityVersion = "Xcode 9.3";
			developmentRegion = en;
			hasScannedForEncodings = 0;
			knownRegions = (
				en,
				Base,
			);
			mainGroup = C2CEB10B2301C99700251B29;
			productRefGroup = C2CEB1152301C99700251B29 /* Products */;
			projectDirPath = "";
			projectRoot = "";
			targets = (
				C2CEB1132301C99700251B29 /* SwiftDouBan */,
			);
		};
/* End PBXProject section */

/* Begin PBXResourcesBuildPhase section */
		C2CEB1122301C99700251B29 /* Resources */ = {
			isa = PBXResourcesBuildPhase;
			buildActionMask = 2147483647;
			files = (
				C2CEB1222301C99800251B29 /* LaunchScreen.storyboard in Resources */,
				C2CEB11F2301C99800251B29 /* Assets.xcassets in Resources */,
				C2CEB11D2301C99700251B29 /* Main.storyboard in Resources */,
			);
			runOnlyForDeploymentPostprocessing = 0;
		};
/* End PBXResourcesBuildPhase section */

/* Begin PBXSourcesBuildPhase section */
		C2CEB1102301C99700251B29 /* Sources */ = {
			isa = PBXSourcesBuildPhase;
			buildActionMask = 2147483647;
			files = (
				C2CEB11A2301C99700251B29 /* ViewController.swift in Sources */,
				C2CEB1182301C99700251B29 /* AppDelegate.swift in Sources */,
				C2A2C2042301CB2F00BCF7AC /* UISpringTimingParameters + Extension.swift in Sources */,
				C2A2C2022301CA1B00BCF7AC /* DrawerViewController.swift in Sources */,
			);
			runOnlyForDeploymentPostprocessing = 0;
		};
/* End PBXSourcesBuildPhase section */

/* Begin PBXVariantGroup section */
		C2CEB11B2301C99700251B29 /* Main.storyboard */ = {
			isa = PBXVariantGroup;
			children = (
				C2CEB11C2301C99700251B29 /* Base */,
			);
			name = Main.storyboard;
			sourceTree = "<group>";
		};
		C2CEB1202301C99800251B29 /* LaunchScreen.storyboard */ = {
			isa = PBXVariantGroup;
			children = (
				C2CEB1212301C99800251B29 /* Base */,
			);
			name = LaunchScreen.storyboard;
			sourceTree = "<group>";
		};
/* End PBXVariantGroup section */

/* Begin XCBuildConfiguration section */
		C2CEB1242301C99800251B29 /* Debug */ = {
			isa = XCBuildConfiguration;
			buildSettings = {
				ALWAYS_SEARCH_USER_PATHS = NO;
				CLANG_ANALYZER_NONNULL = YES;
				CLANG_ANALYZER_NUMBER_OBJECT_CONVERSION = YES_AGGRESSIVE;
				CLANG_CXX_LANGUAGE_STANDARD = "gnu++14";
				CLANG_CXX_LIBRARY = "libc++";
				CLANG_ENABLE_MODULES = YES;
				CLANG_ENABLE_OBJC_ARC = YES;
				CLANG_ENABLE_OBJC_WEAK = YES;
				CLANG_WARN_BLOCK_CAPTURE_AUTORELEASING = YES;
				CLANG_WARN_BOOL_CONVERSION = YES;
				CLANG_WARN_COMMA = YES;
				CLANG_WARN_CONSTANT_CONVERSION = YES;
				CLANG_WARN_DEPRECATED_OBJC_IMPLEMENTATIONS = YES;
				CLANG_WARN_DIRECT_OBJC_ISA_USAGE = YES_ERROR;
				CLANG_WARN_DOCUMENTATION_COMMENTS = YES;
				CLANG_WARN_EMPTY_BODY = YES;
				CLANG_WARN_ENUM_CONVERSION = YES;
				CLANG_WARN_INFINITE_RECURSION = YES;
				CLANG_WARN_INT_CONVERSION = YES;
				CLANG_WARN_NON_LITERAL_NULL_CONVERSION = YES;
				CLANG_WARN_OBJC_IMPLICIT_RETAIN_SELF = YES;
				CLANG_WARN_OBJC_LITERAL_CONVERSION = YES;
				CLANG_WARN_OBJC_ROOT_CLASS = YES_ERROR;
				CLANG_WARN_RANGE_LOOP_ANALYSIS = YES;
				CLANG_WARN_STRICT_PROTOTYPES = YES;
				CLANG_WARN_SUSPICIOUS_MOVE = YES;
				CLANG_WARN_UNGUARDED_AVAILABILITY = YES_AGGRESSIVE;
				CLANG_WARN_UNREACHABLE_CODE = YES;
				CLANG_WARN__DUPLICATE_METHOD_MATCH = YES;
				CODE_SIGN_IDENTITY = "iPhone Developer";
				COPY_PHASE_STRIP = NO;
				DEBUG_INFORMATION_FORMAT = dwarf;
				ENABLE_STRICT_OBJC_MSGSEND = YES;
				ENABLE_TESTABILITY = YES;
				GCC_C_LANGUAGE_STANDARD = gnu11;
				GCC_DYNAMIC_NO_PIC = NO;
				GCC_NO_COMMON_BLOCKS = YES;
				GCC_OPTIMIZATION_LEVEL = 0;
				GCC_PREPROCESSOR_DEFINITIONS = (
					"DEBUG=1",
					"$(inherited)",
				);
				GCC_WARN_64_TO_32_BIT_CONVERSION = YES;
				GCC_WARN_ABOUT_RETURN_TYPE = YES_ERROR;
				GCC_WARN_UNDECLARED_SELECTOR = YES;
				GCC_WARN_UNINITIALIZED_AUTOS = YES_AGGRESSIVE;
				GCC_WARN_UNUSED_FUNCTION = YES;
				GCC_WARN_UNUSED_VARIABLE = YES;
				IPHONEOS_DEPLOYMENT_TARGET = 12.2;
				MTL_ENABLE_DEBUG_INFO = INCLUDE_SOURCE;
				MTL_FAST_MATH = YES;
				ONLY_ACTIVE_ARCH = YES;
				SDKROOT = iphoneos;
				SWIFT_ACTIVE_COMPILATION_CONDITIONS = DEBUG;
				SWIFT_OPTIMIZATION_LEVEL = "-Onone";
			};
			name = Debug;
		};
		C2CEB1252301C99800251B29 /* Release */ = {
			isa = XCBuildConfiguration;
			buildSettings = {
				ALWAYS_SEARCH_USER_PATHS = NO;
				CLANG_ANALYZER_NONNULL = YES;
				CLANG_ANALYZER_NUMBER_OBJECT_CONVERSION = YES_AGGRESSIVE;
				CLANG_CXX_LANGUAGE_STANDARD = "gnu++14";
				CLANG_CXX_LIBRARY = "libc++";
				CLANG_ENABLE_MODULES = YES;
				CLANG_ENABLE_OBJC_ARC = YES;
				CLANG_ENABLE_OBJC_WEAK = YES;
				CLANG_WARN_BLOCK_CAPTURE_AUTORELEASING = YES;
				CLANG_WARN_BOOL_CONVERSION = YES;
				CLANG_WARN_COMMA = YES;
				CLANG_WARN_CONSTANT_CONVERSION = YES;
				CLANG_WARN_DEPRECATED_OBJC_IMPLEMENTATIONS = YES;
				CLANG_WARN_DIRECT_OBJC_ISA_USAGE = YES_ERROR;
				CLANG_WARN_DOCUMENTATION_COMMENTS = YES;
				CLANG_WARN_EMPTY_BODY = YES;
				CLANG_WARN_ENUM_CONVERSION = YES;
				CLANG_WARN_INFINITE_RECURSION = YES;
				CLANG_WARN_INT_CONVERSION = YES;
				CLANG_WARN_NON_LITERAL_NULL_CONVERSION = YES;
				CLANG_WARN_OBJC_IMPLICIT_RETAIN_SELF = YES;
				CLANG_WARN_OBJC_LITERAL_CONVERSION = YES;
				CLANG_WARN_OBJC_ROOT_CLASS = YES_ERROR;
				CLANG_WARN_RANGE_LOOP_ANALYSIS = YES;
				CLANG_WARN_STRICT_PROTOTYPES = YES;
				CLANG_WARN_SUSPICIOUS_MOVE = YES;
				CLANG_WARN_UNGUARDED_AVAILABILITY = YES_AGGRESSIVE;
				CLANG_WARN_UNREACHABLE_CODE = YES;
				CLANG_WARN__DUPLICATE_METHOD_MATCH = YES;
				CODE_SIGN_IDENTITY = "iPhone Developer";
				COPY_PHASE_STRIP = NO;
				DEBUG_INFORMATION_FORMAT = "dwarf-with-dsym";
				ENABLE_NS_ASSERTIONS = NO;
				ENABLE_STRICT_OBJC_MSGSEND = YES;
				GCC_C_LANGUAGE_STANDARD = gnu11;
				GCC_NO_COMMON_BLOCKS = YES;
				GCC_WARN_64_TO_32_BIT_CONVERSION = YES;
				GCC_WARN_ABOUT_RETURN_TYPE = YES_ERROR;
				GCC_WARN_UNDECLARED_SELECTOR = YES;
				GCC_WARN_UNINITIALIZED_AUTOS = YES_AGGRESSIVE;
				GCC_WARN_UNUSED_FUNCTION = YES;
				GCC_WARN_UNUSED_VARIABLE = YES;
				IPHONEOS_DEPLOYMENT_TARGET = 12.2;
				MTL_ENABLE_DEBUG_INFO = NO;
				MTL_FAST_MATH = YES;
				SDKROOT = iphoneos;
				SWIFT_COMPILATION_MODE = wholemodule;
				SWIFT_OPTIMIZATION_LEVEL = "-O";
				VALIDATE_PRODUCT = YES;
			};
			name = Release;
		};
		C2CEB1272301C99800251B29 /* Debug */ = {
			isa = XCBuildConfiguration;
			buildSettings = {
				ASSETCATALOG_COMPILER_APPICON_NAME = AppIcon;
				CODE_SIGN_STYLE = Automatic;
				DEVELOPMENT_TEAM = 3TX76W4CSD;
				INFOPLIST_FILE = SwiftDouBan/Info.plist;
				LD_RUNPATH_SEARCH_PATHS = (
					"$(inherited)",
					"@executable_path/Frameworks",
				);
				PRODUCT_BUNDLE_IDENTIFIER = com.TextApp.SwiftDouBan;
				PRODUCT_NAME = "$(TARGET_NAME)";
				SWIFT_VERSION = 5.0;
				TARGETED_DEVICE_FAMILY = "1,2";
			};
			name = Debug;
		};
		C2CEB1282301C99800251B29 /* Release */ = {
			isa = XCBuildConfiguration;
			buildSettings = {
				ASSETCATALOG_COMPILER_APPICON_NAME = AppIcon;
				CODE_SIGN_STYLE = Automatic;
				DEVELOPMENT_TEAM = 3TX76W4CSD;
				INFOPLIST_FILE = SwiftDouBan/Info.plist;
				LD_RUNPATH_SEARCH_PATHS = (
					"$(inherited)",
					"@executable_path/Frameworks",
				);
				PRODUCT_BUNDLE_IDENTIFIER = com.TextApp.SwiftDouBan;
				PRODUCT_NAME = "$(TARGET_NAME)";
				SWIFT_VERSION = 5.0;
				TARGETED_DEVICE_FAMILY = "1,2";
			};
			name = Release;
		};
/* End XCBuildConfiguration section */

/* Begin XCConfigurationList section */
		C2CEB10F2301C99700251B29 /* Build configuration list for PBXProject "SwiftDouBan" */ = {
			isa = XCConfigurationList;
			buildConfigurations = (
				C2CEB1242301C99800251B29 /* Debug */,
				C2CEB1252301C99800251B29 /* Release */,
			);
			defaultConfigurationIsVisible = 0;
			defaultConfigurationName = Release;
		};
		C2CEB1262301C99800251B29 /* Build configuration list for PBXNativeTarget "SwiftDouBan" */ = {
			isa = XCConfigurationList;
			buildConfigurations = (
				C2CEB1272301C99800251B29 /* Debug */,
				C2CEB1282301C99800251B29 /* Release */,
			);
			defaultConfigurationIsVisible = 0;
			defaultConfigurationName = Release;
		};
/* End XCConfigurationList section */
	};
	rootObject = C2CEB10C2301C99700251B29 /* Project object */;
}
